
Microsoft Visual Studio Solution File, Format Version 11.00
# Visual Studio 2010
Project("{FAE04EC0-301F-11D3-BF4B-00C04F79EFBC}") = "Projet V1", "Projet V1\Projet V1\Projet V1.csproj", "{ADAA59CC-24A6-4582-AD8F-4F4CA7DBBA21}"
EndProject
Project("{96E2B04D-8817-42C6-938A-82C39BA4D311}") = "Projet V1Content", "Projet V1\Projet V1Content\Projet V1Content.contentproj", "{31EEABAD-2C14-413D-93D5-31F6CB08D9B1}"
EndProject
Global
	GlobalSection(SolutionConfigurationPlatforms) = preSolution
		Debug|x86 = Debug|x86
		Release|x86 = Release|x86
	EndGlobalSection
	GlobalSection(ProjectConfigurationPlatforms) = postSolution
		{ADAA59CC-24A6-4582-AD8F-4F4CA7DBBA21}.Debug|x86.ActiveCfg = Debug|x86
		{ADAA59CC-24A6-4582-AD8F-4F4CA7DBBA21}.Debug|x86.Build.0 = Debug|x86
		{ADAA59CC-24A6-4582-AD8F-4F4CA7DBBA21}.Release|x86.ActiveCfg = Release|x86
		{ADAA59CC-24A6-4582-AD8F-4F4CA7DBBA21}.Release|x86.Build.0 = Release|x86
		{31EEABAD-2C14-413D-93D5-31F6CB08D9B1}.Debug|x86.ActiveCfg = Debug|x86
		{31EEABAD-2C14-413D-93D5-31F6CB08D9B1}.Release|x86.ActiveCfg = Release|x86
	EndGlobalSection
	GlobalSection(SolutionProperties) = preSolution
		HideSolutionNode = FALSE
	EndGlobalSection
EndGlobal
